# THIS IS AN AUTOGENERATED FILE. DO NOT EDIT THIS FILE DIRECTLY.
# yarn lockfile v1


fsevents@^2.3.2, fsevents@~2.3.2:
  version "2.3.2"
  resolved "https://registry.yarnpkg.com/fsevents/-/fsevents-2.3.2.tgz#8a526f78b8fdf4623b709e0b975c52c24c02fd1a"
  integrity sha512-xiqMQR4xAeHTuB9uWm+fFRcIOgKBMiOBP+eXiyT7jsgVCq1bkVygt00oASowB7EdtpOHaaPgKt812P9ab+DDKA==

mime@^1.3.6:
  version "1.6.0"
  resolved "https://registry.yarnpkg.com/mime/-/mime-1.6.0.tgz#32cd9e5c64553bd58d19a568af452acff04981b1"
  integrity sha512-x0Vn8spI+wuJ1O6S7gnbaQg8Pxh4NNHb7KSINmEWKiPE4RKOplvijn+NkmYmmRgP68mc70j2EbeTFRsrswaQeg==

opener@^1.4.3:
  version "1.5.2"
  resolved "https://registry.yarnpkg.com/opener/-/opener-1.5.2.tgz#5d37e1f35077b9dcac4301372271afdeb2a13598"
  integrity sha512-ur5UIdyw5Y7yEj9wLzhqXiy6GZ3Mwx0yGI+5sMn2r0N0v3cKJvUmFH5yPP+WXh9e0xfyzyJX95D8l088DNFj7A==

rollup-plugin-server@^0.7.0:
  version "0.7.0"
  resolved "https://registry.yarnpkg.com/rollup-plugin-server/-/rollup-plugin-server-0.7.0.tgz#cac777a4d6a33e86fcb2330c42bc32393960f0a2"
  integrity sha1-ysd3pNajPob8sjMMQrwyOTlg8KI=
  dependencies:
    mime "^1.3.6"
    opener "^1.4.3"

rollup@^2.53.2:
  version "2.53.2"
  resolved "https://registry.yarnpkg.com/rollup/-/rollup-2.53.2.tgz#3279f9bfba1fe446585560802e418c5fbcaefa51"
  integrity sha512-1CtEYuS5CRCzFZ7SNW5528SlDlk4VDXIRGwbm/2POQxA/G4+7/crIqJwkmnj8Q/74hGx4oVlNvh4E1CJQ5hZ6w==
  optionalDependencies:
    fsevents "~2.3.2"
